
Microsoft Visual Studio Solution File, Format Version 12.00
# Visual Studio 14
Project("{8BC9CEB8-8B4A-11D0-8D11-00A0C91BC942}") = "test_mc12101", "test_mc12101.vcxproj", "{C9831A1B-B5E6-A9BF-5E6C-E2754AAE7542}"
EndProject
Global
	GlobalSection(SolutionConfigurationPlatforms) = preSolution
		Debug|Win32 = Debug|Win32
		Release|Win32 = Release|Win32
	EndGlobalSection
	GlobalSection(ProjectConfigurationPlatforms) = postSolution
		{C9831A1B-B5E6-A9BF-5E6C-E2754AAE7542}.Debug|Win32.ActiveCfg = Debug|Win32
		{C9831A1B-B5E6-A9BF-5E6C-E2754AAE7542}.Debug|Win32.Build.0 = Debug|Win32
		{C9831A1B-B5E6-A9BF-5E6C-E2754AAE7542}.Release|Win32.ActiveCfg = Release|Win32
		{C9831A1B-B5E6-A9BF-5E6C-E2754AAE7542}.Release|Win32.Build.0 = Release|Win32
	EndGlobalSection
	GlobalSection(SolutionProperties) = preSolution
		HideSolutionNode = FALSE
	EndGlobalSection
EndGlobal
