
Microsoft Visual Studio Solution File, Format Version 12.00
# Visual Studio 14
Project("{8BC9CEB8-8B4A-11D0-8D11-00A0C91BC942}") = "test-x86", "test-x86.vcxproj", "{D8C5D0FC-C492-2B08-EDAB-19B0D9D76096}"
EndProject
Global
	GlobalSection(SolutionConfigurationPlatforms) = preSolution
		Debug|Win32 = Debug|Win32
		Release|Win32 = Release|Win32
	EndGlobalSection
	GlobalSection(ProjectConfigurationPlatforms) = postSolution
		{D8C5D0FC-C492-2B08-EDAB-19B0D9D76096}.Debug|Win32.ActiveCfg = Debug|Win32
		{D8C5D0FC-C492-2B08-EDAB-19B0D9D76096}.Debug|Win32.Build.0 = Debug|Win32
		{D8C5D0FC-C492-2B08-EDAB-19B0D9D76096}.Release|Win32.ActiveCfg = Release|Win32
		{D8C5D0FC-C492-2B08-EDAB-19B0D9D76096}.Release|Win32.Build.0 = Release|Win32
	EndGlobalSection
	GlobalSection(SolutionProperties) = preSolution
		HideSolutionNode = FALSE
	EndGlobalSection
EndGlobal
