
Microsoft Visual Studio Solution File, Format Version 12.00
# Visual Studio 14
Project("{8BC9CEB8-8B4A-11D0-8D11-00A0C91BC942}") = "host", "host.vcxproj", "{63FE977C-4F35-990D-F821-7F10E437150F}"
EndProject
Project("{8BC9CEB8-8B4A-11D0-8D11-00A0C91BC942}") = "target", "target.vcxproj", "{6CFD901D-589F-BBF3-415A-CF472D9B4244}"
EndProject
Global
	GlobalSection(SolutionConfigurationPlatforms) = preSolution
		Debug|Win32 = Debug|Win32
		Release|Win32 = Release|Win32
	EndGlobalSection
	GlobalSection(ProjectConfigurationPlatforms) = postSolution
		{63FE977C-4F35-990D-F821-7F10E437150F}.Debug|Win32.ActiveCfg = Debug|Win32
		{63FE977C-4F35-990D-F821-7F10E437150F}.Debug|Win32.Build.0 = Debug|Win32
		{63FE977C-4F35-990D-F821-7F10E437150F}.Release|Win32.ActiveCfg = Release|Win32
		{63FE977C-4F35-990D-F821-7F10E437150F}.Release|Win32.Build.0 = Release|Win32
		{6CFD901D-589F-BBF3-415A-CF472D9B4244}.Debug|Win32.ActiveCfg = Debug|Win32
		{6CFD901D-589F-BBF3-415A-CF472D9B4244}.Debug|Win32.Build.0 = Debug|Win32
		{6CFD901D-589F-BBF3-415A-CF472D9B4244}.Release|Win32.ActiveCfg = Release|Win32
		{6CFD901D-589F-BBF3-415A-CF472D9B4244}.Release|Win32.Build.0 = Release|Win32
	EndGlobalSection
	GlobalSection(SolutionProperties) = preSolution
		HideSolutionNode = FALSE
	EndGlobalSection
EndGlobal
